
Microsoft Visual Studio Solution File, Format Version 12.00
# Visual Studio Version 17
VisualStudioVersion = 17.0.32014.148
MinimumVisualStudioVersion = 10.0.40219.1
Project("{2150E333-8FDC-42A3-9474-1A3956D46DE8}") = "Solution Items", "Solution Items", "{B1E4D5E2-8803-4879-AC3A-7AC5542D4FCA}"
	ProjectSection(SolutionItems) = preProject
		.clang-format = .clang-format
		.editorconfig = .editorconfig
		.gitattributes = .gitattributes
		.gitignore = .gitignore
		Directory.Build.props = Directory.Build.props
		README.md = README.md
		vcpkg.json = vcpkg.json
		version.json = version.json
	EndProjectSection
EndProject
Project("{8BC9CEB8-8B4A-11D0-8D11-00A0C91BC942}") = "UniversalModuleHost", "src\UniversalModuleHost\UniversalModuleHost.vcxproj", "{7185569D-3107-4776-8FB9-8A45E2B2B8B0}"
EndProject
Project("{9A19103F-16F7-4668-BE54-9A1E7A4F7556}") = "ManagedHost", "src\ManagedHost\ManagedHost.csproj", "{1B5CBFC7-CEC4-4350-A0E9-654C0E5E2D00}"
EndProject
Project("{9A19103F-16F7-4668-BE54-9A1E7A4F7556}") = "ManagedModuleContract", "src\ManagedModuleContract\ManagedModuleContract.csproj", "{1C5E4F55-6C0B-41A7-9A52-51C0F8EA6CC6}"
EndProject
Project("{9A19103F-16F7-4668-BE54-9A1E7A4F7556}") = "SampleManagedModule1", "src\SampleManagedModule1\SampleManagedModule1.csproj", "{E02A923A-FA71-4C27-9715-E2D6EF610714}"
EndProject
Project("{9A19103F-16F7-4668-BE54-9A1E7A4F7556}") = "SampleManagedModule2", "src\SampleManagedModule2\SampleManagedModule2.csproj", "{4158A6B4-F0AD-479F-BBD2-EFA1E8D69813}"
EndProject
Project("{8BC9CEB8-8B4A-11D0-8D11-00A0C91BC942}") = "UniversalModuleBroker", "src\UniversalModuleBroker\UniversalModuleBroker.vcxproj", "{59D3D010-5CA7-4A5A-BA49-534A046DB566}"
EndProject
Project("{8BC9CEB8-8B4A-11D0-8D11-00A0C91BC942}") = "SharedNativeUtils", "src\SharedNativeUtils\SharedNativeUtils.vcxitems", "{1E83DDDB-014F-4BFA-ACC4-333758ECD732}"
EndProject
Project("{9A19103F-16F7-4668-BE54-9A1E7A4F7556}") = "SampleManagedModuleUi1", "src\SampleManagedModuleUi1\SampleManagedModuleUi1.csproj", "{B7799BA6-0564-42A2-ABE3-95E4BAE521C4}"
EndProject
Project("{8BC9CEB8-8B4A-11D0-8D11-00A0C91BC942}") = "SampleNativeModule1", "src\SampleNativeModule1\SampleNativeModule1.vcxproj", "{3F4025E8-CA16-43B6-A088-3B69A2A029CB}"
EndProject
Project("{D954291E-2A0B-460D-934E-DC6B0785DB48}") = "SharedManagedUtils", "src\SharedManagedUtils\SharedManagedUtils.shproj", "{AAF7C4AC-6CAF-4D40-9FD7-84875B55AD88}"
EndProject
Global
	GlobalSection(SharedMSBuildProjectFiles) = preSolution
		src\SharedManagedUtils\SharedManagedUtils.projitems*{1b5cbfc7-cec4-4350-a0e9-654c0e5e2d00}*SharedItemsImports = 5
		src\SharedNativeUtils\SharedNativeUtils.vcxitems*{1e83dddb-014f-4bfa-acc4-333758ecd732}*SharedItemsImports = 9
		src\SharedNativeUtils\SharedNativeUtils.vcxitems*{59d3d010-5ca7-4a5a-ba49-534a046db566}*SharedItemsImports = 4
		src\SharedNativeUtils\SharedNativeUtils.vcxitems*{7185569d-3107-4776-8fb9-8a45e2b2b8b0}*SharedItemsImports = 4
		src\SharedManagedUtils\SharedManagedUtils.projitems*{aaf7c4ac-6caf-4d40-9fd7-84875b55ad88}*SharedItemsImports = 13
		src\SharedManagedUtils\SharedManagedUtils.projitems*{b7799ba6-0564-42a2-abe3-95e4bae521c4}*SharedItemsImports = 5
	EndGlobalSection
	GlobalSection(SolutionConfigurationPlatforms) = preSolution
		Debug|Any CPU = Debug|Any CPU
		Debug|Win32 = Debug|Win32
		Debug|x64 = Debug|x64
		Release|Any CPU = Release|Any CPU
		Release|Win32 = Release|Win32
		Release|x64 = Release|x64
	EndGlobalSection
	GlobalSection(ProjectConfigurationPlatforms) = postSolution
		{7185569D-3107-4776-8FB9-8A45E2B2B8B0}.Debug|Any CPU.ActiveCfg = Debug|x64
		{7185569D-3107-4776-8FB9-8A45E2B2B8B0}.Debug|Any CPU.Build.0 = Debug|x64
		{7185569D-3107-4776-8FB9-8A45E2B2B8B0}.Debug|Win32.ActiveCfg = Debug|Win32
		{7185569D-3107-4776-8FB9-8A45E2B2B8B0}.Debug|Win32.Build.0 = Debug|Win32
		{7185569D-3107-4776-8FB9-8A45E2B2B8B0}.Debug|x64.ActiveCfg = Debug|x64
		{7185569D-3107-4776-8FB9-8A45E2B2B8B0}.Debug|x64.Build.0 = Debug|x64
		{7185569D-3107-4776-8FB9-8A45E2B2B8B0}.Release|Any CPU.ActiveCfg = Release|Win32
		{7185569D-3107-4776-8FB9-8A45E2B2B8B0}.Release|Win32.ActiveCfg = Release|Win32
		{7185569D-3107-4776-8FB9-8A45E2B2B8B0}.Release|Win32.Build.0 = Release|Win32
		{7185569D-3107-4776-8FB9-8A45E2B2B8B0}.Release|x64.ActiveCfg = Release|x64
		{7185569D-3107-4776-8FB9-8A45E2B2B8B0}.Release|x64.Build.0 = Release|x64
		{1B5CBFC7-CEC4-4350-A0E9-654C0E5E2D00}.Debug|Any CPU.ActiveCfg = Debug|Any CPU
		{1B5CBFC7-CEC4-4350-A0E9-654C0E5E2D00}.Debug|Any CPU.Build.0 = Debug|Any CPU
		{1B5CBFC7-CEC4-4350-A0E9-654C0E5E2D00}.Debug|Win32.ActiveCfg = Debug|Any CPU
		{1B5CBFC7-CEC4-4350-A0E9-654C0E5E2D00}.Debug|x64.ActiveCfg = Debug|Any CPU
		{1B5CBFC7-CEC4-4350-A0E9-654C0E5E2D00}.Debug|x64.Build.0 = Debug|Any CPU
		{1B5CBFC7-CEC4-4350-A0E9-654C0E5E2D00}.Release|Any CPU.ActiveCfg = Release|Any CPU
		{1B5CBFC7-CEC4-4350-A0E9-654C0E5E2D00}.Release|Any CPU.Build.0 = Release|Any CPU
		{1B5CBFC7-CEC4-4350-A0E9-654C0E5E2D00}.Release|Win32.ActiveCfg = Release|Any CPU
		{1B5CBFC7-CEC4-4350-A0E9-654C0E5E2D00}.Release|x64.ActiveCfg = Release|Any CPU
		{1B5CBFC7-CEC4-4350-A0E9-654C0E5E2D00}.Release|x64.Build.0 = Release|Any CPU
		{1C5E4F55-6C0B-41A7-9A52-51C0F8EA6CC6}.Debug|Any CPU.ActiveCfg = Debug|Any CPU
		{1C5E4F55-6C0B-41A7-9A52-51C0F8EA6CC6}.Debug|Any CPU.Build.0 = Debug|Any CPU
		{1C5E4F55-6C0B-41A7-9A52-51C0F8EA6CC6}.Debug|Win32.ActiveCfg = Debug|Any CPU
		{1C5E4F55-6C0B-41A7-9A52-51C0F8EA6CC6}.Debug|Win32.Build.0 = Debug|Any CPU
		{1C5E4F55-6C0B-41A7-9A52-51C0F8EA6CC6}.Debug|x64.ActiveCfg = Debug|Any CPU
		{1C5E4F55-6C0B-41A7-9A52-51C0F8EA6CC6}.Debug|x64.Build.0 = Debug|Any CPU
		{1C5E4F55-6C0B-41A7-9A52-51C0F8EA6CC6}.Release|Any CPU.ActiveCfg = Release|Any CPU
		{1C5E4F55-6C0B-41A7-9A52-51C0F8EA6CC6}.Release|Any CPU.Build.0 = Release|Any CPU
		{1C5E4F55-6C0B-41A7-9A52-51C0F8EA6CC6}.Release|Win32.ActiveCfg = Release|Any CPU
		{1C5E4F55-6C0B-41A7-9A52-51C0F8EA6CC6}.Release|Win32.Build.0 = Release|Any CPU
		{1C5E4F55-6C0B-41A7-9A52-51C0F8EA6CC6}.Release|x64.ActiveCfg = Release|Any CPU
		{1C5E4F55-6C0B-41A7-9A52-51C0F8EA6CC6}.Release|x64.Build.0 = Release|Any CPU
		{E02A923A-FA71-4C27-9715-E2D6EF610714}.Debug|Any CPU.ActiveCfg = Debug|Any CPU
		{E02A923A-FA71-4C27-9715-E2D6EF610714}.Debug|Any CPU.Build.0 = Debug|Any CPU
		{E02A923A-FA71-4C27-9715-E2D6EF610714}.Debug|Win32.ActiveCfg = Debug|Any CPU
		{E02A923A-FA71-4C27-9715-E2D6EF610714}.Debug|Win32.Build.0 = Debug|Any CPU
		{E02A923A-FA71-4C27-9715-E2D6EF610714}.Debug|x64.ActiveCfg = Debug|Any CPU
		{E02A923A-FA71-4C27-9715-E2D6EF610714}.Debug|x64.Build.0 = Debug|Any CPU
		{E02A923A-FA71-4C27-9715-E2D6EF610714}.Release|Any CPU.ActiveCfg = Release|Any CPU
		{E02A923A-FA71-4C27-9715-E2D6EF610714}.Release|Any CPU.Build.0 = Release|Any CPU
		{E02A923A-FA71-4C27-9715-E2D6EF610714}.Release|Win32.ActiveCfg = Release|Any CPU
		{E02A923A-FA71-4C27-9715-E2D6EF610714}.Release|Win32.Build.0 = Release|Any CPU
		{E02A923A-FA71-4C27-9715-E2D6EF610714}.Release|x64.ActiveCfg = Release|Any CPU
		{E02A923A-FA71-4C27-9715-E2D6EF610714}.Release|x64.Build.0 = Release|Any CPU
		{4158A6B4-F0AD-479F-BBD2-EFA1E8D69813}.Debug|Any CPU.ActiveCfg = Debug|Any CPU
		{4158A6B4-F0AD-479F-BBD2-EFA1E8D69813}.Debug|Any CPU.Build.0 = Debug|Any CPU
		{4158A6B4-F0AD-479F-BBD2-EFA1E8D69813}.Debug|Win32.ActiveCfg = Debug|Any CPU
		{4158A6B4-F0AD-479F-BBD2-EFA1E8D69813}.Debug|Win32.Build.0 = Debug|Any CPU
		{4158A6B4-F0AD-479F-BBD2-EFA1E8D69813}.Debug|x64.ActiveCfg = Debug|Any CPU
		{4158A6B4-F0AD-479F-BBD2-EFA1E8D69813}.Debug|x64.Build.0 = Debug|Any CPU
		{4158A6B4-F0AD-479F-BBD2-EFA1E8D69813}.Release|Any CPU.ActiveCfg = Release|Any CPU
		{4158A6B4-F0AD-479F-BBD2-EFA1E8D69813}.Release|Any CPU.Build.0 = Release|Any CPU
		{4158A6B4-F0AD-479F-BBD2-EFA1E8D69813}.Release|Win32.ActiveCfg = Release|Any CPU
		{4158A6B4-F0AD-479F-BBD2-EFA1E8D69813}.Release|Win32.Build.0 = Release|Any CPU
		{4158A6B4-F0AD-479F-BBD2-EFA1E8D69813}.Release|x64.ActiveCfg = Release|Any CPU
		{4158A6B4-F0AD-479F-BBD2-EFA1E8D69813}.Release|x64.Build.0 = Release|Any CPU
		{59D3D010-5CA7-4A5A-BA49-534A046DB566}.Debug|Any CPU.ActiveCfg = Debug|x64
		{59D3D010-5CA7-4A5A-BA49-534A046DB566}.Debug|Any CPU.Build.0 = Debug|x64
		{59D3D010-5CA7-4A5A-BA49-534A046DB566}.Debug|Win32.ActiveCfg = Debug|Win32
		{59D3D010-5CA7-4A5A-BA49-534A046DB566}.Debug|Win32.Build.0 = Debug|Win32
		{59D3D010-5CA7-4A5A-BA49-534A046DB566}.Debug|x64.ActiveCfg = Debug|x64
		{59D3D010-5CA7-4A5A-BA49-534A046DB566}.Debug|x64.Build.0 = Debug|x64
		{59D3D010-5CA7-4A5A-BA49-534A046DB566}.Release|Any CPU.ActiveCfg = Release|x64
		{59D3D010-5CA7-4A5A-BA49-534A046DB566}.Release|Any CPU.Build.0 = Release|x64
		{59D3D010-5CA7-4A5A-BA49-534A046DB566}.Release|Win32.ActiveCfg = Release|Win32
		{59D3D010-5CA7-4A5A-BA49-534A046DB566}.Release|Win32.Build.0 = Release|Win32
		{59D3D010-5CA7-4A5A-BA49-534A046DB566}.Release|x64.ActiveCfg = Release|x64
		{59D3D010-5CA7-4A5A-BA49-534A046DB566}.Release|x64.Build.0 = Release|x64
		{B7799BA6-0564-42A2-ABE3-95E4BAE521C4}.Debug|Any CPU.ActiveCfg = Debug|Any CPU
		{B7799BA6-0564-42A2-ABE3-95E4BAE521C4}.Debug|Any CPU.Build.0 = Debug|Any CPU
		{B7799BA6-0564-42A2-ABE3-95E4BAE521C4}.Debug|Win32.ActiveCfg = Debug|Any CPU
		{B7799BA6-0564-42A2-ABE3-95E4BAE521C4}.Debug|Win32.Build.0 = Debug|Any CPU
		{B7799BA6-0564-42A2-ABE3-95E4BAE521C4}.Debug|x64.ActiveCfg = Debug|Any CPU
		{B7799BA6-0564-42A2-ABE3-95E4BAE521C4}.Debug|x64.Build.0 = Debug|Any CPU
		{B7799BA6-0564-42A2-ABE3-95E4BAE521C4}.Release|Any CPU.ActiveCfg = Release|Any CPU
		{B7799BA6-0564-42A2-ABE3-95E4BAE521C4}.Release|Any CPU.Build.0 = Release|Any CPU
		{B7799BA6-0564-42A2-ABE3-95E4BAE521C4}.Release|Win32.ActiveCfg = Release|Any CPU
		{B7799BA6-0564-42A2-ABE3-95E4BAE521C4}.Release|Win32.Build.0 = Release|Any CPU
		{B7799BA6-0564-42A2-ABE3-95E4BAE521C4}.Release|x64.ActiveCfg = Release|Any CPU
		{B7799BA6-0564-42A2-ABE3-95E4BAE521C4}.Release|x64.Build.0 = Release|Any CPU
		{3F4025E8-CA16-43B6-A088-3B69A2A029CB}.Debug|Any CPU.ActiveCfg = Debug|x64
		{3F4025E8-CA16-43B6-A088-3B69A2A029CB}.Debug|Any CPU.Build.0 = Debug|x64
		{3F4025E8-CA16-43B6-A088-3B69A2A029CB}.Debug|Win32.ActiveCfg = Debug|Win32
		{3F4025E8-CA16-43B6-A088-3B69A2A029CB}.Debug|Win32.Build.0 = Debug|Win32
		{3F4025E8-CA16-43B6-A088-3B69A2A029CB}.Debug|x64.ActiveCfg = Debug|x64
		{3F4025E8-CA16-43B6-A088-3B69A2A029CB}.Debug|x64.Build.0 = Debug|x64
		{3F4025E8-CA16-43B6-A088-3B69A2A029CB}.Release|Any CPU.ActiveCfg = Release|x64
		{3F4025E8-CA16-43B6-A088-3B69A2A029CB}.Release|Any CPU.Build.0 = Release|x64
		{3F4025E8-CA16-43B6-A088-3B69A2A029CB}.Release|Win32.ActiveCfg = Release|Win32
		{3F4025E8-CA16-43B6-A088-3B69A2A029CB}.Release|Win32.Build.0 = Release|Win32
		{3F4025E8-CA16-43B6-A088-3B69A2A029CB}.Release|x64.ActiveCfg = Release|x64
		{3F4025E8-CA16-43B6-A088-3B69A2A029CB}.Release|x64.Build.0 = Release|x64
	EndGlobalSection
	GlobalSection(SolutionProperties) = preSolution
		HideSolutionNode = FALSE
	EndGlobalSection
	GlobalSection(ExtensibilityGlobals) = postSolution
		SolutionGuid = {1AC61FA1-3724-4B47-A009-786AC7D8D4EB}
	EndGlobalSection
EndGlobal
